{
  "name": "@indic-tools/hindi-transliterate",
  "version": "0.0.1",
  "lockfileVersion": 3,
  "requires": true,
  "packages": {
    "": {
      "name": "@indic-tools/hindi-transliterate",
      "version": "0.0.1",
      "license": "Apache-2.0",
      "dependencies": {
        "@indic-tools/hindi-transliterate": "^0.0.1"
      }
    },
    "node_modules/@indic-tools/hindi-transliterate": {
      "version": "0.0.1",
      "resolved": "https://registry.npmjs.org/@indic-tools/hindi-transliterate/-/hindi-transliterate-0.0.1.tgz",
      "integrity": "sha512-BvzRsi8s3jCPKxF1CuzVqruUH2GKSoF11p1XyE9VpgrHOlPsPCAHbYbetAla7bfnK8CbNl1wYt6Yg6L0Y9iV/w=="
    }
  }
}
